{
  "version": 4,
  "terraform_version": "1.2.6",
  "serial": 34,
  "lineage": "93ec0aa6-e838-c3ac-f842-6f33c251dcb1",
  "outputs": {
    "all_users": {
      "value": [
        "rahul",
        "sarang",
        "harsh",
        "yash"
      ],
      "type": [
        "list",
        "string"
      ]
    }
  },
  "resources": [
    {
      "module": "module.iam_user",
      "mode": "managed",
      "type": "aws_iam_group",
      "name": "group",
      "provider": "provider[\"registry.terraform.io/hashicorp/aws\"]",
      "instances": [
        {
          "schema_version": 0,
          "attributes": {
            "arn": "arn:aws:iam::528519205020:group/rahul-iam-group-b4",
            "id": "rahul-iam-group-b4",
            "name": "rahul-iam-group-b4",
            "path": "/",
            "unique_id": "AGPAXWDRTCCOCKZEJEQJG"
          },
          "sensitive_attributes": [],
          "private": "bnVsbA=="
        }
      ]
    },
    {
      "module": "module.iam_user",
      "mode": "managed",
      "type": "aws_iam_group_membership",
      "name": "team",
      "provider": "provider[\"registry.terraform.io/hashicorp/aws\"]",
      "instances": [
        {
          "schema_version": 0,
          "attributes": {
            "group": "rahul-iam-group-b4",
            "id": "tf-testing-group-membership",
            "name": "tf-testing-group-membership",
            "users": [
              "harsh",
              "rahul",
              "sarang",
              "yash"
            ]
          },
          "sensitive_attributes": [],
          "private": "bnVsbA==",
          "dependencies": [
            "module.iam_user.aws_iam_group.group"
          ]
        }
      ]
    },
    {
      "module": "module.iam_user",
      "mode": "managed",
      "type": "aws_iam_user",
      "name": "iam_user",
      "provider": "provider[\"registry.terraform.io/hashicorp/aws\"]",
      "instances": [
        {
          "index_key": 0,
          "schema_version": 0,
          "attributes": {
            "arn": "arn:aws:iam::528519205020:user/rahul",
            "force_destroy": false,
            "id": "rahul",
            "name": "rahul",
            "path": "/",
            "permissions_boundary": null,
            "tags": null,
            "tags_all": {},
            "unique_id": "AIDAXWDRTCCOKDSDCUKIJ"
          },
          "sensitive_attributes": [],
          "private": "bnVsbA=="
        },
        {
          "index_key": 1,
          "schema_version": 0,
          "attributes": {
            "arn": "arn:aws:iam::528519205020:user/sarang",
            "force_destroy": false,
            "id": "sarang",
            "name": "sarang",
            "path": "/",
            "permissions_boundary": null,
            "tags": null,
            "tags_all": {},
            "unique_id": "AIDAXWDRTCCOOOLKX3GDV"
          },
          "sensitive_attributes": [],
          "private": "bnVsbA=="
        },
        {
          "index_key": 2,
          "schema_version": 0,
          "attributes": {
            "arn": "arn:aws:iam::528519205020:user/harsh",
            "force_destroy": false,
            "id": "harsh",
            "name": "harsh",
            "path": "/",
            "permissions_boundary": null,
            "tags": null,
            "tags_all": {},
            "unique_id": "AIDAXWDRTCCOFKKGTG7ZG"
          },
          "sensitive_attributes": [],
          "private": "bnVsbA=="
        },
        {
          "index_key": 3,
          "schema_version": 0,
          "attributes": {
            "arn": "arn:aws:iam::528519205020:user/yash",
            "force_destroy": false,
            "id": "yash",
            "name": "yash",
            "path": "/",
            "permissions_boundary": null,
            "tags": null,
            "tags_all": {},
            "unique_id": "AIDAXWDRTCCOPUQX3HSZZ"
          },
          "sensitive_attributes": [],
          "private": "bnVsbA=="
        }
      ]
    }
  ]
}
